
Microsoft Visual Studio Solution File, Format Version 12.00
# Visual Studio Version 16
VisualStudioVersion = 16.0.31321.278
MinimumVisualStudioVersion = 10.0.40219.1
Project("{FAE04EC0-301F-11D3-BF4B-00C04F79EFBC}") = "Lab1", "Lab1\Lab1.csproj", "{92835F70-BB5F-4CB8-823E-D6EFE25F05BC}"
EndProject
Global
	GlobalSection(SolutionConfigurationPlatforms) = preSolution
		Debug|Any CPU = Debug|Any CPU
		Release|Any CPU = Release|Any CPU
	EndGlobalSection
	GlobalSection(ProjectConfigurationPlatforms) = postSolution
		{92835F70-BB5F-4CB8-823E-D6EFE25F05BC}.Debug|Any CPU.ActiveCfg = Debug|Any CPU
		{92835F70-BB5F-4CB8-823E-D6EFE25F05BC}.Debug|Any CPU.Build.0 = Debug|Any CPU
		{92835F70-BB5F-4CB8-823E-D6EFE25F05BC}.Release|Any CPU.ActiveCfg = Release|Any CPU
		{92835F70-BB5F-4CB8-823E-D6EFE25F05BC}.Release|Any CPU.Build.0 = Release|Any CPU
	EndGlobalSection
	GlobalSection(SolutionProperties) = preSolution
		HideSolutionNode = FALSE
	EndGlobalSection
	GlobalSection(ExtensibilityGlobals) = postSolution
		SolutionGuid = {6F4BDAE0-4B85-42B6-AF68-D2C46CA731F6}
	EndGlobalSection
EndGlobal
